
Microsoft Visual Studio Solution File, Format Version 12.00
# Visual Studio Version 17
VisualStudioVersion = 17.2.32630.192
MinimumVisualStudioVersion = 10.0.40219.1
Project("{FAE04EC0-301F-11D3-BF4B-00C04F79EFBC}") = "Arduino Game Prototype", "Arduino Game Prototype\Arduino Game Prototype.csproj", "{A2259AAE-56B8-412D-AF49-6AE8251DE2F6}"
EndProject
Global
	GlobalSection(SolutionConfigurationPlatforms) = preSolution
		Debug|Any CPU = Debug|Any CPU
		Release|Any CPU = Release|Any CPU
	EndGlobalSection
	GlobalSection(ProjectConfigurationPlatforms) = postSolution
		{A2259AAE-56B8-412D-AF49-6AE8251DE2F6}.Debug|Any CPU.ActiveCfg = Debug|Any CPU
		{A2259AAE-56B8-412D-AF49-6AE8251DE2F6}.Debug|Any CPU.Build.0 = Debug|Any CPU
		{A2259AAE-56B8-412D-AF49-6AE8251DE2F6}.Release|Any CPU.ActiveCfg = Release|Any CPU
		{A2259AAE-56B8-412D-AF49-6AE8251DE2F6}.Release|Any CPU.Build.0 = Release|Any CPU
	EndGlobalSection
	GlobalSection(SolutionProperties) = preSolution
		HideSolutionNode = FALSE
	EndGlobalSection
	GlobalSection(ExtensibilityGlobals) = postSolution
		SolutionGuid = {CF89C943-CC5D-460D-B8AE-1F78797D4C2B}
	EndGlobalSection
EndGlobal
